
Microsoft Visual Studio Solution File, Format Version 12.00
# Visual Studio Version 17
VisualStudioVersion = 17.2.32630.192
MinimumVisualStudioVersion = 10.0.40219.1
Project("{9A19103F-16F7-4668-BE54-9A1E7A4F7556}") = "R5T.Ostrogothia.Rivet.Construction", "R5T.Ostrogothia.Rivet.Construction\R5T.Ostrogothia.Rivet.Construction.csproj", "{8BFBEF9C-3A68-4AAA-9288-8BFAE8229D21}"
EndProject
Project("{9A19103F-16F7-4668-BE54-9A1E7A4F7556}") = "R5T.Ostrogothia.Rivet", "R5T.Ostrogothia.Rivet\R5T.Ostrogothia.Rivet.csproj", "{9FF01517-DEEC-4CB5-BA87-495E0943087D}"
EndProject
Project("{2150E333-8FDC-42A3-9474-1A3956D46DE8}") = "_Dependencies", "_Dependencies", "{95773CBD-8628-4EBB-9692-7252D251C0D2}"
EndProject
Project("{9A19103F-16F7-4668-BE54-9A1E7A4F7556}") = "R5T.Ostrogothia.Types", "..\..\R5T.Ostrogothia\source\R5T.Ostrogothia.Types\R5T.Ostrogothia.Types.csproj", "{30CCBC10-D1B5-4B85-AC76-13F109DE9EB2}"
EndProject
Project("{9A19103F-16F7-4668-BE54-9A1E7A4F7556}") = "R5T.Ostrogothia.Rivet.Types", "R5T.Ostrogothia.Rivet.Types\R5T.Ostrogothia.Rivet.Types.csproj", "{B9EC29DB-0003-4A6B-A982-E1C92C41621A}"
EndProject
Project("{9A19103F-16F7-4668-BE54-9A1E7A4F7556}") = "R5T.Dacia.Extensions", "..\..\R5T.Dacia.Extensions\source\R5T.Dacia.Extensions\R5T.Dacia.Extensions.csproj", "{0C6CBA6C-EC4F-4524-8922-9AB2385B4A95}"
EndProject
Project("{9A19103F-16F7-4668-BE54-9A1E7A4F7556}") = "R5T.Ostrogothia.Base", "..\..\R5T.Ostrogothia\source\R5T.Ostrogothia.Base\R5T.Ostrogothia.Base.csproj", "{1B90D777-912B-4E56-B231-0760E60D4611}"
EndProject
Project("{9A19103F-16F7-4668-BE54-9A1E7A4F7556}") = "R5T.T0064", "..\..\R5T.T0064\source\R5T.T0064\R5T.T0064.csproj", "{E23F2B9C-22A1-47FC-83B6-A056C036991D}"
EndProject
Project("{9A19103F-16F7-4668-BE54-9A1E7A4F7556}") = "R5T.T0062.X001", "..\..\R5T.T0062\source\R5T.T0062.X001\R5T.T0062.X001.csproj", "{DF8C12BA-0EDE-448A-867C-0F035ACF5EC7}"
EndProject
Project("{9A19103F-16F7-4668-BE54-9A1E7A4F7556}") = "R5T.Dacia", "..\..\R5T.Dacia\source\R5T.Dacia\R5T.Dacia.csproj", "{35A72F2A-0664-4DCD-8A6B-E79BD900D838}"
EndProject
Project("{9A19103F-16F7-4668-BE54-9A1E7A4F7556}") = "R5T.Ostrogothia.Abstractions", "..\..\R5T.Ostrogothia\source\R5T.Ostrogothia.Abstractions\R5T.Ostrogothia.Abstractions.csproj", "{32EE0527-09AD-41DB-8EF1-0DA599BA3EAB}"
EndProject
Project("{9A19103F-16F7-4668-BE54-9A1E7A4F7556}") = "R5T.T0063", "..\..\R5T.T0063\source\R5T.T0063\R5T.T0063.csproj", "{7D3878A0-71B5-4115-9013-1BACDA5884B4}"
EndProject
Project("{9A19103F-16F7-4668-BE54-9A1E7A4F7556}") = "R5T.L0013", "..\..\R5T.L0013\source\R5T.L0013\R5T.L0013.csproj", "{00626CE9-5D42-4F92-B851-7140A39D0173}"
EndProject
Project("{9A19103F-16F7-4668-BE54-9A1E7A4F7556}") = "R5T.T0062", "..\..\R5T.T0062\source\R5T.T0062\R5T.T0062.csproj", "{45985D39-46A2-4BCA-B753-0343D1DAA04D}"
EndProject
Project("{9A19103F-16F7-4668-BE54-9A1E7A4F7556}") = "R5T.T0039.T002", "..\..\R5T.T0039\source\R5T.T0039.T002\R5T.T0039.T002.csproj", "{868C0C4C-4837-47C3-8331-BB64A709FC78}"
EndProject
Project("{9A19103F-16F7-4668-BE54-9A1E7A4F7556}") = "R5T.T0143", "..\..\R5T.T0143\source\R5T.T0143\R5T.T0143.csproj", "{F96963D0-EC2C-447D-A985-A9BBE2385BCE}"
EndProject
Global
	GlobalSection(NestedProjects) = preSolution
		{30CCBC10-D1B5-4B85-AC76-13F109DE9EB2} = {95773CBD-8628-4EBB-9692-7252D251C0D2}
		{0C6CBA6C-EC4F-4524-8922-9AB2385B4A95} = {95773CBD-8628-4EBB-9692-7252D251C0D2}
		{1B90D777-912B-4E56-B231-0760E60D4611} = {95773CBD-8628-4EBB-9692-7252D251C0D2}
		{E23F2B9C-22A1-47FC-83B6-A056C036991D} = {95773CBD-8628-4EBB-9692-7252D251C0D2}
		{DF8C12BA-0EDE-448A-867C-0F035ACF5EC7} = {95773CBD-8628-4EBB-9692-7252D251C0D2}
		{35A72F2A-0664-4DCD-8A6B-E79BD900D838} = {95773CBD-8628-4EBB-9692-7252D251C0D2}
		{32EE0527-09AD-41DB-8EF1-0DA599BA3EAB} = {95773CBD-8628-4EBB-9692-7252D251C0D2}
		{7D3878A0-71B5-4115-9013-1BACDA5884B4} = {95773CBD-8628-4EBB-9692-7252D251C0D2}
		{00626CE9-5D42-4F92-B851-7140A39D0173} = {95773CBD-8628-4EBB-9692-7252D251C0D2}
		{45985D39-46A2-4BCA-B753-0343D1DAA04D} = {95773CBD-8628-4EBB-9692-7252D251C0D2}
		{868C0C4C-4837-47C3-8331-BB64A709FC78} = {95773CBD-8628-4EBB-9692-7252D251C0D2}
		{F96963D0-EC2C-447D-A985-A9BBE2385BCE} = {95773CBD-8628-4EBB-9692-7252D251C0D2}
	EndGlobalSection
	GlobalSection(SolutionConfigurationPlatforms) = preSolution
		Debug|Any CPU = Debug|Any CPU
		Debug|x64 = Debug|x64
		Debug|x86 = Debug|x86
		Release|Any CPU = Release|Any CPU
		Release|x64 = Release|x64
		Release|x86 = Release|x86
	EndGlobalSection
	GlobalSection(ProjectConfigurationPlatforms) = postSolution
		{8BFBEF9C-3A68-4AAA-9288-8BFAE8229D21}.Debug|Any CPU.ActiveCfg = Debug|Any CPU
		{8BFBEF9C-3A68-4AAA-9288-8BFAE8229D21}.Debug|Any CPU.Build.0 = Debug|Any CPU
		{8BFBEF9C-3A68-4AAA-9288-8BFAE8229D21}.Debug|x64.ActiveCfg = Debug|Any CPU
		{8BFBEF9C-3A68-4AAA-9288-8BFAE8229D21}.Debug|x64.Build.0 = Debug|Any CPU
		{8BFBEF9C-3A68-4AAA-9288-8BFAE8229D21}.Debug|x86.ActiveCfg = Debug|Any CPU
		{8BFBEF9C-3A68-4AAA-9288-8BFAE8229D21}.Debug|x86.Build.0 = Debug|Any CPU
		{8BFBEF9C-3A68-4AAA-9288-8BFAE8229D21}.Release|Any CPU.ActiveCfg = Release|Any CPU
		{8BFBEF9C-3A68-4AAA-9288-8BFAE8229D21}.Release|Any CPU.Build.0 = Release|Any CPU
		{8BFBEF9C-3A68-4AAA-9288-8BFAE8229D21}.Release|x64.ActiveCfg = Release|Any CPU
		{8BFBEF9C-3A68-4AAA-9288-8BFAE8229D21}.Release|x64.Build.0 = Release|Any CPU
		{8BFBEF9C-3A68-4AAA-9288-8BFAE8229D21}.Release|x86.ActiveCfg = Release|Any CPU
		{8BFBEF9C-3A68-4AAA-9288-8BFAE8229D21}.Release|x86.Build.0 = Release|Any CPU
		{9FF01517-DEEC-4CB5-BA87-495E0943087D}.Debug|Any CPU.ActiveCfg = Debug|Any CPU
		{9FF01517-DEEC-4CB5-BA87-495E0943087D}.Debug|Any CPU.Build.0 = Debug|Any CPU
		{9FF01517-DEEC-4CB5-BA87-495E0943087D}.Debug|x64.ActiveCfg = Debug|Any CPU
		{9FF01517-DEEC-4CB5-BA87-495E0943087D}.Debug|x64.Build.0 = Debug|Any CPU
		{9FF01517-DEEC-4CB5-BA87-495E0943087D}.Debug|x86.ActiveCfg = Debug|Any CPU
		{9FF01517-DEEC-4CB5-BA87-495E0943087D}.Debug|x86.Build.0 = Debug|Any CPU
		{9FF01517-DEEC-4CB5-BA87-495E0943087D}.Release|Any CPU.ActiveCfg = Release|Any CPU
		{9FF01517-DEEC-4CB5-BA87-495E0943087D}.Release|Any CPU.Build.0 = Release|Any CPU
		{9FF01517-DEEC-4CB5-BA87-495E0943087D}.Release|x64.ActiveCfg = Release|Any CPU
		{9FF01517-DEEC-4CB5-BA87-495E0943087D}.Release|x64.Build.0 = Release|Any CPU
		{9FF01517-DEEC-4CB5-BA87-495E0943087D}.Release|x86.ActiveCfg = Release|Any CPU
		{9FF01517-DEEC-4CB5-BA87-495E0943087D}.Release|x86.Build.0 = Release|Any CPU
		{30CCBC10-D1B5-4B85-AC76-13F109DE9EB2}.Debug|Any CPU.ActiveCfg = Debug|Any CPU
		{30CCBC10-D1B5-4B85-AC76-13F109DE9EB2}.Debug|Any CPU.Build.0 = Debug|Any CPU
		{30CCBC10-D1B5-4B85-AC76-13F109DE9EB2}.Debug|x64.ActiveCfg = Debug|Any CPU
		{30CCBC10-D1B5-4B85-AC76-13F109DE9EB2}.Debug|x64.Build.0 = Debug|Any CPU
		{30CCBC10-D1B5-4B85-AC76-13F109DE9EB2}.Debug|x86.ActiveCfg = Debug|Any CPU
		{30CCBC10-D1B5-4B85-AC76-13F109DE9EB2}.Debug|x86.Build.0 = Debug|Any CPU
		{30CCBC10-D1B5-4B85-AC76-13F109DE9EB2}.Release|Any CPU.ActiveCfg = Release|Any CPU
		{30CCBC10-D1B5-4B85-AC76-13F109DE9EB2}.Release|Any CPU.Build.0 = Release|Any CPU
		{30CCBC10-D1B5-4B85-AC76-13F109DE9EB2}.Release|x64.ActiveCfg = Release|Any CPU
		{30CCBC10-D1B5-4B85-AC76-13F109DE9EB2}.Release|x64.Build.0 = Release|Any CPU
		{30CCBC10-D1B5-4B85-AC76-13F109DE9EB2}.Release|x86.ActiveCfg = Release|Any CPU
		{30CCBC10-D1B5-4B85-AC76-13F109DE9EB2}.Release|x86.Build.0 = Release|Any CPU
		{B9EC29DB-0003-4A6B-A982-E1C92C41621A}.Debug|Any CPU.ActiveCfg = Debug|Any CPU
		{B9EC29DB-0003-4A6B-A982-E1C92C41621A}.Debug|Any CPU.Build.0 = Debug|Any CPU
		{B9EC29DB-0003-4A6B-A982-E1C92C41621A}.Debug|x64.ActiveCfg = Debug|Any CPU
		{B9EC29DB-0003-4A6B-A982-E1C92C41621A}.Debug|x64.Build.0 = Debug|Any CPU
		{B9EC29DB-0003-4A6B-A982-E1C92C41621A}.Debug|x86.ActiveCfg = Debug|Any CPU
		{B9EC29DB-0003-4A6B-A982-E1C92C41621A}.Debug|x86.Build.0 = Debug|Any CPU
		{B9EC29DB-0003-4A6B-A982-E1C92C41621A}.Release|Any CPU.ActiveCfg = Release|Any CPU
		{B9EC29DB-0003-4A6B-A982-E1C92C41621A}.Release|Any CPU.Build.0 = Release|Any CPU
		{B9EC29DB-0003-4A6B-A982-E1C92C41621A}.Release|x64.ActiveCfg = Release|Any CPU
		{B9EC29DB-0003-4A6B-A982-E1C92C41621A}.Release|x64.Build.0 = Release|Any CPU
		{B9EC29DB-0003-4A6B-A982-E1C92C41621A}.Release|x86.ActiveCfg = Release|Any CPU
		{B9EC29DB-0003-4A6B-A982-E1C92C41621A}.Release|x86.Build.0 = Release|Any CPU
		{0C6CBA6C-EC4F-4524-8922-9AB2385B4A95}.Debug|Any CPU.ActiveCfg = Debug|Any CPU
		{0C6CBA6C-EC4F-4524-8922-9AB2385B4A95}.Debug|Any CPU.Build.0 = Debug|Any CPU
		{0C6CBA6C-EC4F-4524-8922-9AB2385B4A95}.Debug|x64.ActiveCfg = Debug|Any CPU
		{0C6CBA6C-EC4F-4524-8922-9AB2385B4A95}.Debug|x64.Build.0 = Debug|Any CPU
		{0C6CBA6C-EC4F-4524-8922-9AB2385B4A95}.Debug|x86.ActiveCfg = Debug|Any CPU
		{0C6CBA6C-EC4F-4524-8922-9AB2385B4A95}.Debug|x86.Build.0 = Debug|Any CPU
		{0C6CBA6C-EC4F-4524-8922-9AB2385B4A95}.Release|Any CPU.ActiveCfg = Release|Any CPU
		{0C6CBA6C-EC4F-4524-8922-9AB2385B4A95}.Release|Any CPU.Build.0 = Release|Any CPU
		{0C6CBA6C-EC4F-4524-8922-9AB2385B4A95}.Release|x64.ActiveCfg = Release|Any CPU
		{0C6CBA6C-EC4F-4524-8922-9AB2385B4A95}.Release|x64.Build.0 = Release|Any CPU
		{0C6CBA6C-EC4F-4524-8922-9AB2385B4A95}.Release|x86.ActiveCfg = Release|Any CPU
		{0C6CBA6C-EC4F-4524-8922-9AB2385B4A95}.Release|x86.Build.0 = Release|Any CPU
		{1B90D777-912B-4E56-B231-0760E60D4611}.Debug|Any CPU.ActiveCfg = Debug|Any CPU
		{1B90D777-912B-4E56-B231-0760E60D4611}.Debug|Any CPU.Build.0 = Debug|Any CPU
		{1B90D777-912B-4E56-B231-0760E60D4611}.Debug|x64.ActiveCfg = Debug|Any CPU
		{1B90D777-912B-4E56-B231-0760E60D4611}.Debug|x64.Build.0 = Debug|Any CPU
		{1B90D777-912B-4E56-B231-0760E60D4611}.Debug|x86.ActiveCfg = Debug|Any CPU
		{1B90D777-912B-4E56-B231-0760E60D4611}.Debug|x86.Build.0 = Debug|Any CPU
		{1B90D777-912B-4E56-B231-0760E60D4611}.Release|Any CPU.ActiveCfg = Release|Any CPU
		{1B90D777-912B-4E56-B231-0760E60D4611}.Release|Any CPU.Build.0 = Release|Any CPU
		{1B90D777-912B-4E56-B231-0760E60D4611}.Release|x64.ActiveCfg = Release|Any CPU
		{1B90D777-912B-4E56-B231-0760E60D4611}.Release|x64.Build.0 = Release|Any CPU
		{1B90D777-912B-4E56-B231-0760E60D4611}.Release|x86.ActiveCfg = Release|Any CPU
		{1B90D777-912B-4E56-B231-0760E60D4611}.Release|x86.Build.0 = Release|Any CPU
		{E23F2B9C-22A1-47FC-83B6-A056C036991D}.Debug|Any CPU.ActiveCfg = Debug|Any CPU
		{E23F2B9C-22A1-47FC-83B6-A056C036991D}.Debug|Any CPU.Build.0 = Debug|Any CPU
		{E23F2B9C-22A1-47FC-83B6-A056C036991D}.Debug|x64.ActiveCfg = Debug|Any CPU
		{E23F2B9C-22A1-47FC-83B6-A056C036991D}.Debug|x64.Build.0 = Debug|Any CPU
		{E23F2B9C-22A1-47FC-83B6-A056C036991D}.Debug|x86.ActiveCfg = Debug|Any CPU
		{E23F2B9C-22A1-47FC-83B6-A056C036991D}.Debug|x86.Build.0 = Debug|Any CPU
		{E23F2B9C-22A1-47FC-83B6-A056C036991D}.Release|Any CPU.ActiveCfg = Release|Any CPU
		{E23F2B9C-22A1-47FC-83B6-A056C036991D}.Release|Any CPU.Build.0 = Release|Any CPU
		{E23F2B9C-22A1-47FC-83B6-A056C036991D}.Release|x64.ActiveCfg = Release|Any CPU
		{E23F2B9C-22A1-47FC-83B6-A056C036991D}.Release|x64.Build.0 = Release|Any CPU
		{E23F2B9C-22A1-47FC-83B6-A056C036991D}.Release|x86.ActiveCfg = Release|Any CPU
		{E23F2B9C-22A1-47FC-83B6-A056C036991D}.Release|x86.Build.0 = Release|Any CPU
		{DF8C12BA-0EDE-448A-867C-0F035ACF5EC7}.Debug|Any CPU.ActiveCfg = Debug|Any CPU
		{DF8C12BA-0EDE-448A-867C-0F035ACF5EC7}.Debug|Any CPU.Build.0 = Debug|Any CPU
		{DF8C12BA-0EDE-448A-867C-0F035ACF5EC7}.Debug|x64.ActiveCfg = Debug|Any CPU
		{DF8C12BA-0EDE-448A-867C-0F035ACF5EC7}.Debug|x64.Build.0 = Debug|Any CPU
		{DF8C12BA-0EDE-448A-867C-0F035ACF5EC7}.Debug|x86.ActiveCfg = Debug|Any CPU
		{DF8C12BA-0EDE-448A-867C-0F035ACF5EC7}.Debug|x86.Build.0 = Debug|Any CPU
		{DF8C12BA-0EDE-448A-867C-0F035ACF5EC7}.Release|Any CPU.ActiveCfg = Release|Any CPU
		{DF8C12BA-0EDE-448A-867C-0F035ACF5EC7}.Release|Any CPU.Build.0 = Release|Any CPU
		{DF8C12BA-0EDE-448A-867C-0F035ACF5EC7}.Release|x64.ActiveCfg = Release|Any CPU
		{DF8C12BA-0EDE-448A-867C-0F035ACF5EC7}.Release|x64.Build.0 = Release|Any CPU
		{DF8C12BA-0EDE-448A-867C-0F035ACF5EC7}.Release|x86.ActiveCfg = Release|Any CPU
		{DF8C12BA-0EDE-448A-867C-0F035ACF5EC7}.Release|x86.Build.0 = Release|Any CPU
		{35A72F2A-0664-4DCD-8A6B-E79BD900D838}.Debug|Any CPU.ActiveCfg = Debug|Any CPU
		{35A72F2A-0664-4DCD-8A6B-E79BD900D838}.Debug|Any CPU.Build.0 = Debug|Any CPU
		{35A72F2A-0664-4DCD-8A6B-E79BD900D838}.Debug|x64.ActiveCfg = Debug|Any CPU
		{35A72F2A-0664-4DCD-8A6B-E79BD900D838}.Debug|x64.Build.0 = Debug|Any CPU
		{35A72F2A-0664-4DCD-8A6B-E79BD900D838}.Debug|x86.ActiveCfg = Debug|Any CPU
		{35A72F2A-0664-4DCD-8A6B-E79BD900D838}.Debug|x86.Build.0 = Debug|Any CPU
		{35A72F2A-0664-4DCD-8A6B-E79BD900D838}.Release|Any CPU.ActiveCfg = Release|Any CPU
		{35A72F2A-0664-4DCD-8A6B-E79BD900D838}.Release|Any CPU.Build.0 = Release|Any CPU
		{35A72F2A-0664-4DCD-8A6B-E79BD900D838}.Release|x64.ActiveCfg = Release|Any CPU
		{35A72F2A-0664-4DCD-8A6B-E79BD900D838}.Release|x64.Build.0 = Release|Any CPU
		{35A72F2A-0664-4DCD-8A6B-E79BD900D838}.Release|x86.ActiveCfg = Release|Any CPU
		{35A72F2A-0664-4DCD-8A6B-E79BD900D838}.Release|x86.Build.0 = Release|Any CPU
		{32EE0527-09AD-41DB-8EF1-0DA599BA3EAB}.Debug|Any CPU.ActiveCfg = Debug|Any CPU
		{32EE0527-09AD-41DB-8EF1-0DA599BA3EAB}.Debug|Any CPU.Build.0 = Debug|Any CPU
		{32EE0527-09AD-41DB-8EF1-0DA599BA3EAB}.Debug|x64.ActiveCfg = Debug|Any CPU
		{32EE0527-09AD-41DB-8EF1-0DA599BA3EAB}.Debug|x64.Build.0 = Debug|Any CPU
		{32EE0527-09AD-41DB-8EF1-0DA599BA3EAB}.Debug|x86.ActiveCfg = Debug|Any CPU
		{32EE0527-09AD-41DB-8EF1-0DA599BA3EAB}.Debug|x86.Build.0 = Debug|Any CPU
		{32EE0527-09AD-41DB-8EF1-0DA599BA3EAB}.Release|Any CPU.ActiveCfg = Release|Any CPU
		{32EE0527-09AD-41DB-8EF1-0DA599BA3EAB}.Release|Any CPU.Build.0 = Release|Any CPU
		{32EE0527-09AD-41DB-8EF1-0DA599BA3EAB}.Release|x64.ActiveCfg = Release|Any CPU
		{32EE0527-09AD-41DB-8EF1-0DA599BA3EAB}.Release|x64.Build.0 = Release|Any CPU
		{32EE0527-09AD-41DB-8EF1-0DA599BA3EAB}.Release|x86.ActiveCfg = Release|Any CPU
		{32EE0527-09AD-41DB-8EF1-0DA599BA3EAB}.Release|x86.Build.0 = Release|Any CPU
		{7D3878A0-71B5-4115-9013-1BACDA5884B4}.Debug|Any CPU.ActiveCfg = Debug|Any CPU
		{7D3878A0-71B5-4115-9013-1BACDA5884B4}.Debug|Any CPU.Build.0 = Debug|Any CPU
		{7D3878A0-71B5-4115-9013-1BACDA5884B4}.Debug|x64.ActiveCfg = Debug|Any CPU
		{7D3878A0-71B5-4115-9013-1BACDA5884B4}.Debug|x64.Build.0 = Debug|Any CPU
		{7D3878A0-71B5-4115-9013-1BACDA5884B4}.Debug|x86.ActiveCfg = Debug|Any CPU
		{7D3878A0-71B5-4115-9013-1BACDA5884B4}.Debug|x86.Build.0 = Debug|Any CPU
		{7D3878A0-71B5-4115-9013-1BACDA5884B4}.Release|Any CPU.ActiveCfg = Release|Any CPU
		{7D3878A0-71B5-4115-9013-1BACDA5884B4}.Release|Any CPU.Build.0 = Release|Any CPU
		{7D3878A0-71B5-4115-9013-1BACDA5884B4}.Release|x64.ActiveCfg = Release|Any CPU
		{7D3878A0-71B5-4115-9013-1BACDA5884B4}.Release|x64.Build.0 = Release|Any CPU
		{7D3878A0-71B5-4115-9013-1BACDA5884B4}.Release|x86.ActiveCfg = Release|Any CPU
		{7D3878A0-71B5-4115-9013-1BACDA5884B4}.Release|x86.Build.0 = Release|Any CPU
		{00626CE9-5D42-4F92-B851-7140A39D0173}.Debug|Any CPU.ActiveCfg = Debug|Any CPU
		{00626CE9-5D42-4F92-B851-7140A39D0173}.Debug|Any CPU.Build.0 = Debug|Any CPU
		{00626CE9-5D42-4F92-B851-7140A39D0173}.Debug|x64.ActiveCfg = Debug|Any CPU
		{00626CE9-5D42-4F92-B851-7140A39D0173}.Debug|x64.Build.0 = Debug|Any CPU
		{00626CE9-5D42-4F92-B851-7140A39D0173}.Debug|x86.ActiveCfg = Debug|Any CPU
		{00626CE9-5D42-4F92-B851-7140A39D0173}.Debug|x86.Build.0 = Debug|Any CPU
		{00626CE9-5D42-4F92-B851-7140A39D0173}.Release|Any CPU.ActiveCfg = Release|Any CPU
		{00626CE9-5D42-4F92-B851-7140A39D0173}.Release|Any CPU.Build.0 = Release|Any CPU
		{00626CE9-5D42-4F92-B851-7140A39D0173}.Release|x64.ActiveCfg = Release|Any CPU
		{00626CE9-5D42-4F92-B851-7140A39D0173}.Release|x64.Build.0 = Release|Any CPU
		{00626CE9-5D42-4F92-B851-7140A39D0173}.Release|x86.ActiveCfg = Release|Any CPU
		{00626CE9-5D42-4F92-B851-7140A39D0173}.Release|x86.Build.0 = Release|Any CPU
		{45985D39-46A2-4BCA-B753-0343D1DAA04D}.Debug|Any CPU.ActiveCfg = Debug|Any CPU
		{45985D39-46A2-4BCA-B753-0343D1DAA04D}.Debug|Any CPU.Build.0 = Debug|Any CPU
		{45985D39-46A2-4BCA-B753-0343D1DAA04D}.Debug|x64.ActiveCfg = Debug|Any CPU
		{45985D39-46A2-4BCA-B753-0343D1DAA04D}.Debug|x64.Build.0 = Debug|Any CPU
		{45985D39-46A2-4BCA-B753-0343D1DAA04D}.Debug|x86.ActiveCfg = Debug|Any CPU
		{45985D39-46A2-4BCA-B753-0343D1DAA04D}.Debug|x86.Build.0 = Debug|Any CPU
		{45985D39-46A2-4BCA-B753-0343D1DAA04D}.Release|Any CPU.ActiveCfg = Release|Any CPU
		{45985D39-46A2-4BCA-B753-0343D1DAA04D}.Release|Any CPU.Build.0 = Release|Any CPU
		{45985D39-46A2-4BCA-B753-0343D1DAA04D}.Release|x64.ActiveCfg = Release|Any CPU
		{45985D39-46A2-4BCA-B753-0343D1DAA04D}.Release|x64.Build.0 = Release|Any CPU
		{45985D39-46A2-4BCA-B753-0343D1DAA04D}.Release|x86.ActiveCfg = Release|Any CPU
		{45985D39-46A2-4BCA-B753-0343D1DAA04D}.Release|x86.Build.0 = Release|Any CPU
		{868C0C4C-4837-47C3-8331-BB64A709FC78}.Debug|Any CPU.ActiveCfg = Debug|Any CPU
		{868C0C4C-4837-47C3-8331-BB64A709FC78}.Debug|Any CPU.Build.0 = Debug|Any CPU
		{868C0C4C-4837-47C3-8331-BB64A709FC78}.Debug|x64.ActiveCfg = Debug|Any CPU
		{868C0C4C-4837-47C3-8331-BB64A709FC78}.Debug|x64.Build.0 = Debug|Any CPU
		{868C0C4C-4837-47C3-8331-BB64A709FC78}.Debug|x86.ActiveCfg = Debug|Any CPU
		{868C0C4C-4837-47C3-8331-BB64A709FC78}.Debug|x86.Build.0 = Debug|Any CPU
		{868C0C4C-4837-47C3-8331-BB64A709FC78}.Release|Any CPU.ActiveCfg = Release|Any CPU
		{868C0C4C-4837-47C3-8331-BB64A709FC78}.Release|Any CPU.Build.0 = Release|Any CPU
		{868C0C4C-4837-47C3-8331-BB64A709FC78}.Release|x64.ActiveCfg = Release|Any CPU
		{868C0C4C-4837-47C3-8331-BB64A709FC78}.Release|x64.Build.0 = Release|Any CPU
		{868C0C4C-4837-47C3-8331-BB64A709FC78}.Release|x86.ActiveCfg = Release|Any CPU
		{868C0C4C-4837-47C3-8331-BB64A709FC78}.Release|x86.Build.0 = Release|Any CPU
		{F96963D0-EC2C-447D-A985-A9BBE2385BCE}.Debug|Any CPU.ActiveCfg = Debug|Any CPU
		{F96963D0-EC2C-447D-A985-A9BBE2385BCE}.Debug|Any CPU.Build.0 = Debug|Any CPU
		{F96963D0-EC2C-447D-A985-A9BBE2385BCE}.Debug|x64.ActiveCfg = Debug|Any CPU
		{F96963D0-EC2C-447D-A985-A9BBE2385BCE}.Debug|x64.Build.0 = Debug|Any CPU
		{F96963D0-EC2C-447D-A985-A9BBE2385BCE}.Debug|x86.ActiveCfg = Debug|Any CPU
		{F96963D0-EC2C-447D-A985-A9BBE2385BCE}.Debug|x86.Build.0 = Debug|Any CPU
		{F96963D0-EC2C-447D-A985-A9BBE2385BCE}.Release|Any CPU.ActiveCfg = Release|Any CPU
		{F96963D0-EC2C-447D-A985-A9BBE2385BCE}.Release|Any CPU.Build.0 = Release|Any CPU
		{F96963D0-EC2C-447D-A985-A9BBE2385BCE}.Release|x64.ActiveCfg = Release|Any CPU
		{F96963D0-EC2C-447D-A985-A9BBE2385BCE}.Release|x64.Build.0 = Release|Any CPU
		{F96963D0-EC2C-447D-A985-A9BBE2385BCE}.Release|x86.ActiveCfg = Release|Any CPU
		{F96963D0-EC2C-447D-A985-A9BBE2385BCE}.Release|x86.Build.0 = Release|Any CPU
	EndGlobalSection
	GlobalSection(SolutionProperties) = preSolution
		HideSolutionNode = FALSE
	EndGlobalSection
	GlobalSection(ExtensibilityGlobals) = postSolution
		SolutionGuid = {FCBCA48F-1DE9-4089-A85D-8D91E6FE7C66}
	EndGlobalSection
EndGlobal
